
Microsoft Visual Studio Solution File, Format Version 12.00
# Visual Studio Version 17
VisualStudioVersion = 17.14.36511.14 d17.14
MinimumVisualStudioVersion = 10.0.40219.1
Project("{FAE04EC0-301F-11D3-BF4B-00C04F79EFBC}") = "Library", "Library\Library.csproj", "{37B3E041-C297-49D6-A0FD-A87B2CEE78D6}"
EndProject
Global
	GlobalSection(SolutionConfigurationPlatforms) = preSolution
		Debug|Any CPU = Debug|Any CPU
		Release|Any CPU = Release|Any CPU
	EndGlobalSection
	GlobalSection(ProjectConfigurationPlatforms) = postSolution
		{37B3E041-C297-49D6-A0FD-A87B2CEE78D6}.Debug|Any CPU.ActiveCfg = Debug|Any CPU
		{37B3E041-C297-49D6-A0FD-A87B2CEE78D6}.Debug|Any CPU.Build.0 = Debug|Any CPU
		{37B3E041-C297-49D6-A0FD-A87B2CEE78D6}.Release|Any CPU.ActiveCfg = Release|Any CPU
		{37B3E041-C297-49D6-A0FD-A87B2CEE78D6}.Release|Any CPU.Build.0 = Release|Any CPU
	EndGlobalSection
	GlobalSection(SolutionProperties) = preSolution
		HideSolutionNode = FALSE
	EndGlobalSection
	GlobalSection(ExtensibilityGlobals) = postSolution
		SolutionGuid = {0D9B3D5B-FC51-4CA7-BA27-A8F588274323}
	EndGlobalSection
EndGlobal
